{
  "name": "uthosdk-js",
  "version": "1.0.0",
  "lockfileVersion": 3,
  "requires": true,
  "packages": {
    "": {
      "name": "uthosdk-js",
      "version": "1.0.0",
      "license": "ISC",
      "workspaces": [
        "packages/*"
      ],
      "dependencies": {
        "@utho/sdk-account": "^1.0.0",
        "@utho/sdk-actions": "^1.0.0",
        "@utho/sdk-activity": "^1.0.0",
        "@utho/sdk-autoscaling": "^1.0.0",
        "@utho/sdk-backups": "^1.0.0",
        "@utho/sdk-cloudserver": "^1.0.0",
        "@utho/sdk-core": "^1.0.0",
        "@utho/sdk-database": "^1.0.0",
        "@utho/sdk-ipsec": "^1.0.0",
        "@utho/sdk-iso": "^1.0.0",
        "@utho/sdk-kubernetes": "^1.0.0",
        "@utho/sdk-loadbalancer": "^1.0.0",
        "@utho/sdk-monitoring": "^1.0.0",
        "@utho/sdk-networking": "^1.0.0",
        "@utho/sdk-objectstorage": "^1.0.0",
        "@utho/sdk-registry": "^1.0.0",
        "@utho/sdk-security": "^1.0.0",
        "@utho/sdk-snapshots": "^1.0.0",
        "@utho/sdk-sqs": "^1.0.0",
        "@utho/sdk-ssl": "^1.0.0",
        "@utho/sdk-stacks": "^1.0.0",
        "@utho/sdk-storage": "^1.0.0",
        "@utho/sdk-subuser": "^1.0.0",
        "@utho/sdk-targetgroup": "^1.0.0",
        "@utho/sdk-transfer": "^1.0.0",
        "@utho/sdk-vpc": "^1.0.0",
        "@utho/sdk-vpn": "^1.0.0",
        "@utho/sdk-waf": "^1.0.0",
        "axios": "^1.13.2"
      }
    },
    "node_modules/@utho/sdk-account": {
      "resolved": "packages/account",
      "link": true
    },
    "node_modules/@utho/sdk-actions": {
      "resolved": "packages/actions",
      "link": true
    },
    "node_modules/@utho/sdk-activity": {
      "resolved": "packages/activity",
      "link": true
    },
    "node_modules/@utho/sdk-autoscaling": {
      "resolved": "packages/autoscaling",
      "link": true
    },
    "node_modules/@utho/sdk-backups": {
      "resolved": "packages/backups",
      "link": true
    },
    "node_modules/@utho/sdk-cloudserver": {
      "resolved": "packages/cloudserver",
      "link": true
    },
    "node_modules/@utho/sdk-core": {
      "resolved": "packages/core",
      "link": true
    },
    "node_modules/@utho/sdk-database": {
      "resolved": "packages/database",
      "link": true
    },
    "node_modules/@utho/sdk-ipsec": {
      "resolved": "packages/ipsec",
      "link": true
    },
    "node_modules/@utho/sdk-iso": {
      "resolved": "packages/iso",
      "link": true
    },
    "node_modules/@utho/sdk-kubernetes": {
      "resolved": "packages/kubernetes",
      "link": true
    },
    "node_modules/@utho/sdk-loadbalancer": {
      "resolved": "packages/loadbalancer",
      "link": true
    },
    "node_modules/@utho/sdk-monitoring": {
      "resolved": "packages/monitoring",
      "link": true
    },
    "node_modules/@utho/sdk-networking": {
      "resolved": "packages/networking",
      "link": true
    },
    "node_modules/@utho/sdk-objectstorage": {
      "resolved": "packages/objectstorage",
      "link": true
    },
    "node_modules/@utho/sdk-registry": {
      "resolved": "packages/registry",
      "link": true
    },
    "node_modules/@utho/sdk-security": {
      "resolved": "packages/security",
      "link": true
    },
    "node_modules/@utho/sdk-snapshots": {
      "resolved": "packages/snapshots",
      "link": true
    },
    "node_modules/@utho/sdk-sqs": {
      "resolved": "packages/sqs",
      "link": true
    },
    "node_modules/@utho/sdk-ssl": {
      "resolved": "packages/ssl",
      "link": true
    },
    "node_modules/@utho/sdk-stacks": {
      "resolved": "packages/stacks",
      "link": true
    },
    "node_modules/@utho/sdk-storage": {
      "resolved": "packages/storage",
      "link": true
    },
    "node_modules/@utho/sdk-subuser": {
      "resolved": "packages/subuser",
      "link": true
    },
    "node_modules/@utho/sdk-targetgroup": {
      "resolved": "packages/targetgroup",
      "link": true
    },
    "node_modules/@utho/sdk-transfer": {
      "resolved": "packages/transfer",
      "link": true
    },
    "node_modules/@utho/sdk-vpc": {
      "resolved": "packages/vpc",
      "link": true
    },
    "node_modules/@utho/sdk-vpn": {
      "resolved": "packages/vpn",
      "link": true
    },
    "node_modules/@utho/sdk-waf": {
      "resolved": "packages/waf",
      "link": true
    },
    "node_modules/asynckit": {
      "version": "0.4.0",
      "resolved": "https://registry.npmjs.org/asynckit/-/asynckit-0.4.0.tgz",
      "integrity": "sha512-Oei9OH4tRh0YqU3GxhX79dM/mwVgvbZJaSNaRk+bshkj0S5cfHcgYakreBjrHwatXKbz+IoIdYLxrKim2MjW0Q==",
      "license": "MIT"
    },
    "node_modules/axios": {
      "version": "1.13.2",
      "resolved": "https://registry.npmjs.org/axios/-/axios-1.13.2.tgz",
      "integrity": "sha512-VPk9ebNqPcy5lRGuSlKx752IlDatOjT9paPlm8A7yOuW2Fbvp4X3JznJtT4f0GzGLLiWE9W8onz51SqLYwzGaA==",
      "license": "MIT",
      "dependencies": {
        "follow-redirects": "^1.15.6",
        "form-data": "^4.0.4",
        "proxy-from-env": "^1.1.0"
      }
    },
    "node_modules/call-bind-apply-helpers": {
      "version": "1.0.2",
      "resolved": "https://registry.npmjs.org/call-bind-apply-helpers/-/call-bind-apply-helpers-1.0.2.tgz",
      "integrity": "sha512-Sp1ablJ0ivDkSzjcaJdxEunN5/XvksFJ2sMBFfq6x0ryhQV/2b/KwFe21cMpmHtPOSij8K99/wSfoEuTObmuMQ==",
      "license": "MIT",
      "dependencies": {
        "es-errors": "^1.3.0",
        "function-bind": "^1.1.2"
      },
      "engines": {
        "node": ">= 0.4"
      }
    },
    "node_modules/combined-stream": {
      "version": "1.0.8",
      "resolved": "https://registry.npmjs.org/combined-stream/-/combined-stream-1.0.8.tgz",
      "integrity": "sha512-FQN4MRfuJeHf7cBbBMJFXhKSDq+2kAArBlmRBvcvFE5BB1HZKXtSFASDhdlz9zOYwxh8lDdnvmMOe/+5cdoEdg==",
      "license": "MIT",
      "dependencies": {
        "delayed-stream": "~1.0.0"
      },
      "engines": {
        "node": ">= 0.8"
      }
    },
    "node_modules/delayed-stream": {
      "version": "1.0.0",
      "resolved": "https://registry.npmjs.org/delayed-stream/-/delayed-stream-1.0.0.tgz",
      "integrity": "sha512-ZySD7Nf91aLB0RxL4KGrKHBXl7Eds1DAmEdcoVawXnLD7SDhpNgtuII2aAkg7a7QS41jxPSZ17p4VdGnMHk3MQ==",
      "license": "MIT",
      "engines": {
        "node": ">=0.4.0"
      }
    },
    "node_modules/dunder-proto": {
      "version": "1.0.1",
      "resolved": "https://registry.npmjs.org/dunder-proto/-/dunder-proto-1.0.1.tgz",
      "integrity": "sha512-KIN/nDJBQRcXw0MLVhZE9iQHmG68qAVIBg9CqmUYjmQIhgij9U5MFvrqkUL5FbtyyzZuOeOt0zdeRe4UY7ct+A==",
      "license": "MIT",
      "dependencies": {
        "call-bind-apply-helpers": "^1.0.1",
        "es-errors": "^1.3.0",
        "gopd": "^1.2.0"
      },
      "engines": {
        "node": ">= 0.4"
      }
    },
    "node_modules/es-define-property": {
      "version": "1.0.1",
      "resolved": "https://registry.npmjs.org/es-define-property/-/es-define-property-1.0.1.tgz",
      "integrity": "sha512-e3nRfgfUZ4rNGL232gUgX06QNyyez04KdjFrF+LTRoOXmrOgFKDg4BCdsjW8EnT69eqdYGmRpJwiPVYNrCaW3g==",
      "license": "MIT",
      "engines": {
        "node": ">= 0.4"
      }
    },
    "node_modules/es-errors": {
      "version": "1.3.0",
      "resolved": "https://registry.npmjs.org/es-errors/-/es-errors-1.3.0.tgz",
      "integrity": "sha512-Zf5H2Kxt2xjTvbJvP2ZWLEICxA6j+hAmMzIlypy4xcBg1vKVnx89Wy0GbS+kf5cwCVFFzdCFh2XSCFNULS6csw==",
      "license": "MIT",
      "engines": {
        "node": ">= 0.4"
      }
    },
    "node_modules/es-object-atoms": {
      "version": "1.1.1",
      "resolved": "https://registry.npmjs.org/es-object-atoms/-/es-object-atoms-1.1.1.tgz",
      "integrity": "sha512-FGgH2h8zKNim9ljj7dankFPcICIK9Cp5bm+c2gQSYePhpaG5+esrLODihIorn+Pe6FGJzWhXQotPv73jTaldXA==",
      "license": "MIT",
      "dependencies": {
        "es-errors": "^1.3.0"
      },
      "engines": {
        "node": ">= 0.4"
      }
    },
    "node_modules/es-set-tostringtag": {
      "version": "2.1.0",
      "resolved": "https://registry.npmjs.org/es-set-tostringtag/-/es-set-tostringtag-2.1.0.tgz",
      "integrity": "sha512-j6vWzfrGVfyXxge+O0x5sh6cvxAog0a/4Rdd2K36zCMV5eJ+/+tOAngRO8cODMNWbVRdVlmGZQL2YS3yR8bIUA==",
      "license": "MIT",
      "dependencies": {
        "es-errors": "^1.3.0",
        "get-intrinsic": "^1.2.6",
        "has-tostringtag": "^1.0.2",
        "hasown": "^2.0.2"
      },
      "engines": {
        "node": ">= 0.4"
      }
    },
    "node_modules/follow-redirects": {
      "version": "1.15.11",
      "resolved": "https://registry.npmjs.org/follow-redirects/-/follow-redirects-1.15.11.tgz",
      "integrity": "sha512-deG2P0JfjrTxl50XGCDyfI97ZGVCxIpfKYmfyrQ54n5FO/0gfIES8C/Psl6kWVDolizcaaxZJnTS0QSMxvnsBQ==",
      "funding": [
        {
          "type": "individual",
          "url": "https://github.com/sponsors/RubenVerborgh"
        }
      ],
      "license": "MIT",
      "engines": {
        "node": ">=4.0"
      },
      "peerDependenciesMeta": {
        "debug": {
          "optional": true
        }
      }
    },
    "node_modules/form-data": {
      "version": "4.0.5",
      "resolved": "https://registry.npmjs.org/form-data/-/form-data-4.0.5.tgz",
      "integrity": "sha512-8RipRLol37bNs2bhoV67fiTEvdTrbMUYcFTiy3+wuuOnUog2QBHCZWXDRijWQfAkhBj2Uf5UnVaiWwA5vdd82w==",
      "license": "MIT",
      "dependencies": {
        "asynckit": "^0.4.0",
        "combined-stream": "^1.0.8",
        "es-set-tostringtag": "^2.1.0",
        "hasown": "^2.0.2",
        "mime-types": "^2.1.12"
      },
      "engines": {
        "node": ">= 6"
      }
    },
    "node_modules/function-bind": {
      "version": "1.1.2",
      "resolved": "https://registry.npmjs.org/function-bind/-/function-bind-1.1.2.tgz",
      "integrity": "sha512-7XHNxH7qX9xG5mIwxkhumTox/MIRNcOgDrxWsMt2pAr23WHp6MrRlN7FBSFpCpr+oVO0F744iUgR82nJMfG2SA==",
      "license": "MIT",
      "funding": {
        "url": "https://github.com/sponsors/ljharb"
      }
    },
    "node_modules/get-intrinsic": {
      "version": "1.3.0",
      "resolved": "https://registry.npmjs.org/get-intrinsic/-/get-intrinsic-1.3.0.tgz",
      "integrity": "sha512-9fSjSaos/fRIVIp+xSJlE6lfwhES7LNtKaCBIamHsjr2na1BiABJPo0mOjjz8GJDURarmCPGqaiVg5mfjb98CQ==",
      "license": "MIT",
      "dependencies": {
        "call-bind-apply-helpers": "^1.0.2",
        "es-define-property": "^1.0.1",
        "es-errors": "^1.3.0",
        "es-object-atoms": "^1.1.1",
        "function-bind": "^1.1.2",
        "get-proto": "^1.0.1",
        "gopd": "^1.2.0",
        "has-symbols": "^1.1.0",
        "hasown": "^2.0.2",
        "math-intrinsics": "^1.1.0"
      },
      "engines": {
        "node": ">= 0.4"
      },
      "funding": {
        "url": "https://github.com/sponsors/ljharb"
      }
    },
    "node_modules/get-proto": {
      "version": "1.0.1",
      "resolved": "https://registry.npmjs.org/get-proto/-/get-proto-1.0.1.tgz",
      "integrity": "sha512-sTSfBjoXBp89JvIKIefqw7U2CCebsc74kiY6awiGogKtoSGbgjYE/G/+l9sF3MWFPNc9IcoOC4ODfKHfxFmp0g==",
      "license": "MIT",
      "dependencies": {
        "dunder-proto": "^1.0.1",
        "es-object-atoms": "^1.0.0"
      },
      "engines": {
        "node": ">= 0.4"
      }
    },
    "node_modules/gopd": {
      "version": "1.2.0",
      "resolved": "https://registry.npmjs.org/gopd/-/gopd-1.2.0.tgz",
      "integrity": "sha512-ZUKRh6/kUFoAiTAtTYPZJ3hw9wNxx+BIBOijnlG9PnrJsCcSjs1wyyD6vJpaYtgnzDrKYRSqf3OO6Rfa93xsRg==",
      "license": "MIT",
      "engines": {
        "node": ">= 0.4"
      },
      "funding": {
        "url": "https://github.com/sponsors/ljharb"
      }
    },
    "node_modules/has-symbols": {
      "version": "1.1.0",
      "resolved": "https://registry.npmjs.org/has-symbols/-/has-symbols-1.1.0.tgz",
      "integrity": "sha512-1cDNdwJ2Jaohmb3sg4OmKaMBwuC48sYni5HUw2DvsC8LjGTLK9h+eb1X6RyuOHe4hT0ULCW68iomhjUoKUqlPQ==",
      "license": "MIT",
      "engines": {
        "node": ">= 0.4"
      },
      "funding": {
        "url": "https://github.com/sponsors/ljharb"
      }
    },
    "node_modules/has-tostringtag": {
      "version": "1.0.2",
      "resolved": "https://registry.npmjs.org/has-tostringtag/-/has-tostringtag-1.0.2.tgz",
      "integrity": "sha512-NqADB8VjPFLM2V0VvHUewwwsw0ZWBaIdgo+ieHtK3hasLz4qeCRjYcqfB6AQrBggRKppKF8L52/VqdVsO47Dlw==",
      "license": "MIT",
      "dependencies": {
        "has-symbols": "^1.0.3"
      },
      "engines": {
        "node": ">= 0.4"
      },
      "funding": {
        "url": "https://github.com/sponsors/ljharb"
      }
    },
    "node_modules/hasown": {
      "version": "2.0.2",
      "resolved": "https://registry.npmjs.org/hasown/-/hasown-2.0.2.tgz",
      "integrity": "sha512-0hJU9SCPvmMzIBdZFqNPXWa6dqh7WdH0cII9y+CyS8rG3nL48Bclra9HmKhVVUHyPWNH5Y7xDwAB7bfgSjkUMQ==",
      "license": "MIT",
      "dependencies": {
        "function-bind": "^1.1.2"
      },
      "engines": {
        "node": ">= 0.4"
      }
    },
    "node_modules/math-intrinsics": {
      "version": "1.1.0",
      "resolved": "https://registry.npmjs.org/math-intrinsics/-/math-intrinsics-1.1.0.tgz",
      "integrity": "sha512-/IXtbwEk5HTPyEwyKX6hGkYXxM9nbj64B+ilVJnC/R6B0pH5G4V3b0pVbL7DBj4tkhBAppbQUlf6F6Xl9LHu1g==",
      "license": "MIT",
      "engines": {
        "node": ">= 0.4"
      }
    },
    "node_modules/mime-db": {
      "version": "1.52.0",
      "resolved": "https://registry.npmjs.org/mime-db/-/mime-db-1.52.0.tgz",
      "integrity": "sha512-sPU4uV7dYlvtWJxwwxHD0PuihVNiE7TyAbQ5SWxDCB9mUYvOgroQOwYQQOKPJ8CIbE+1ETVlOoK1UC2nU3gYvg==",
      "license": "MIT",
      "engines": {
        "node": ">= 0.6"
      }
    },
    "node_modules/mime-types": {
      "version": "2.1.35",
      "resolved": "https://registry.npmjs.org/mime-types/-/mime-types-2.1.35.tgz",
      "integrity": "sha512-ZDY+bPm5zTTF+YpCrAU9nK0UgICYPT0QtT1NZWFv4s++TNkcgVaT0g6+4R2uI4MjQjzysHB1zxuWL50hzaeXiw==",
      "license": "MIT",
      "dependencies": {
        "mime-db": "1.52.0"
      },
      "engines": {
        "node": ">= 0.6"
      }
    },
    "node_modules/proxy-from-env": {
      "version": "1.1.0",
      "resolved": "https://registry.npmjs.org/proxy-from-env/-/proxy-from-env-1.1.0.tgz",
      "integrity": "sha512-D+zkORCbA9f1tdWRK0RaCR3GPv50cMxcrz4X8k5LTSUD1Dkw47mKJEZQNunItRTkWwgtaUSo1RVFRIG9ZXiFYg==",
      "license": "MIT"
    },
    "packages/account": {
      "name": "@utho/sdk-account",
      "version": "1.0.0",
      "license": "ISC",
      "dependencies": {
        "@utho/sdk-core": "^1.0.0"
      }
    },
    "packages/actions": {
      "name": "@utho/sdk-actions",
      "version": "1.0.0",
      "license": "ISC",
      "dependencies": {
        "@utho/sdk-core": "^1.0.0"
      }
    },
    "packages/activity": {
      "name": "@utho/sdk-activity",
      "version": "1.0.0",
      "license": "ISC",
      "dependencies": {
        "@utho/sdk-core": "^1.0.0"
      }
    },
    "packages/autoscaling": {
      "name": "@utho/sdk-autoscaling",
      "version": "1.0.0",
      "license": "ISC",
      "dependencies": {
        "@utho/sdk-core": "^1.0.0"
      }
    },
    "packages/backups": {
      "name": "@utho/sdk-backups",
      "version": "1.0.0",
      "license": "ISC",
      "dependencies": {
        "@utho/sdk-core": "^1.0.0"
      }
    },
    "packages/cloudserver": {
      "name": "@utho/sdk-cloudserver",
      "version": "1.0.0",
      "license": "ISC",
      "dependencies": {
        "@utho/sdk-core": "^1.0.0"
      }
    },
    "packages/core": {
      "name": "@utho/sdk-core",
      "version": "1.0.0",
      "license": "ISC",
      "dependencies": {
        "axios": "^1.13.2"
      }
    },
    "packages/database": {
      "name": "@utho/sdk-database",
      "version": "1.0.0",
      "license": "ISC",
      "dependencies": {
        "@utho/sdk-core": "^1.0.0"
      }
    },
    "packages/ipsec": {
      "name": "@utho/sdk-ipsec",
      "version": "1.0.0",
      "license": "ISC",
      "dependencies": {
        "@utho/sdk-core": "^1.0.0"
      }
    },
    "packages/iso": {
      "name": "@utho/sdk-iso",
      "version": "1.0.0",
      "license": "ISC",
      "dependencies": {
        "@utho/sdk-core": "^1.0.0"
      }
    },
    "packages/kubernetes": {
      "name": "@utho/sdk-kubernetes",
      "version": "1.0.0",
      "license": "ISC",
      "dependencies": {
        "@utho/sdk-core": "^1.0.0"
      }
    },
    "packages/loadbalancer": {
      "name": "@utho/sdk-loadbalancer",
      "version": "1.0.0",
      "license": "ISC",
      "dependencies": {
        "@utho/sdk-core": "^1.0.0"
      }
    },
    "packages/monitoring": {
      "name": "@utho/sdk-monitoring",
      "version": "1.0.0",
      "license": "ISC",
      "dependencies": {
        "@utho/sdk-core": "^1.0.0"
      }
    },
    "packages/networking": {
      "name": "@utho/sdk-networking",
      "version": "1.0.0",
      "license": "ISC",
      "dependencies": {
        "@utho/sdk-core": "^1.0.0"
      }
    },
    "packages/objectstorage": {
      "name": "@utho/sdk-objectstorage",
      "version": "1.0.0",
      "license": "ISC",
      "dependencies": {
        "@utho/sdk-core": "^1.0.0"
      }
    },
    "packages/registry": {
      "name": "@utho/sdk-registry",
      "version": "1.0.0",
      "license": "ISC",
      "dependencies": {
        "@utho/sdk-core": "^1.0.0"
      }
    },
    "packages/security": {
      "name": "@utho/sdk-security",
      "version": "1.0.0",
      "license": "ISC",
      "dependencies": {
        "@utho/sdk-core": "^1.0.0"
      }
    },
    "packages/snapshots": {
      "name": "@utho/sdk-snapshots",
      "version": "1.0.0",
      "license": "ISC",
      "dependencies": {
        "@utho/sdk-core": "^1.0.0"
      }
    },
    "packages/sqs": {
      "name": "@utho/sdk-sqs",
      "version": "1.0.0",
      "license": "ISC",
      "dependencies": {
        "@utho/sdk-core": "^1.0.0"
      }
    },
    "packages/ssl": {
      "name": "@utho/sdk-ssl",
      "version": "1.0.0",
      "license": "ISC",
      "dependencies": {
        "@utho/sdk-core": "^1.0.0"
      }
    },
    "packages/stacks": {
      "name": "@utho/sdk-stacks",
      "version": "1.0.0",
      "license": "ISC",
      "dependencies": {
        "@utho/sdk-core": "^1.0.0"
      }
    },
    "packages/storage": {
      "name": "@utho/sdk-storage",
      "version": "1.0.0",
      "license": "ISC",
      "dependencies": {
        "@utho/sdk-core": "^1.0.0"
      }
    },
    "packages/subuser": {
      "name": "@utho/sdk-subuser",
      "version": "1.0.0",
      "license": "ISC",
      "dependencies": {
        "@utho/sdk-core": "^1.0.0"
      }
    },
    "packages/targetgroup": {
      "name": "@utho/sdk-targetgroup",
      "version": "1.0.0",
      "license": "ISC",
      "dependencies": {
        "@utho/sdk-core": "^1.0.0"
      }
    },
    "packages/transfer": {
      "name": "@utho/sdk-transfer",
      "version": "1.0.0",
      "license": "ISC",
      "dependencies": {
        "@utho/sdk-core": "^1.0.0"
      }
    },
    "packages/vpc": {
      "name": "@utho/sdk-vpc",
      "version": "1.0.0",
      "license": "ISC",
      "dependencies": {
        "@utho/sdk-core": "^1.0.0"
      }
    },
    "packages/vpn": {
      "name": "@utho/sdk-vpn",
      "version": "1.0.0",
      "license": "ISC",
      "dependencies": {
        "@utho/sdk-core": "^1.0.0"
      }
    },
    "packages/waf": {
      "name": "@utho/sdk-waf",
      "version": "1.0.0",
      "license": "ISC",
      "dependencies": {
        "@utho/sdk-core": "^1.0.0"
      }
    }
  }
}
